
Microsoft Visual Studio Solution File, Format Version 12.00
# Visual Studio Version 17
VisualStudioVersion = 17.14.36429.23 d17.14
MinimumVisualStudioVersion = 10.0.40219.1
Project("{FAE04EC0-301F-11D3-BF4B-00C04F79EFBC}") = "Activity1", "Activity1.csproj", "{55D58D30-1F76-48B5-A15D-3CE488C34287}"
EndProject
Global
	GlobalSection(SolutionConfigurationPlatforms) = preSolution
		Debug|Any CPU = Debug|Any CPU
		Release|Any CPU = Release|Any CPU
	EndGlobalSection
	GlobalSection(ProjectConfigurationPlatforms) = postSolution
		{55D58D30-1F76-48B5-A15D-3CE488C34287}.Debug|Any CPU.ActiveCfg = Debug|Any CPU
		{55D58D30-1F76-48B5-A15D-3CE488C34287}.Debug|Any CPU.Build.0 = Debug|Any CPU
		{55D58D30-1F76-48B5-A15D-3CE488C34287}.Release|Any CPU.ActiveCfg = Release|Any CPU
		{55D58D30-1F76-48B5-A15D-3CE488C34287}.Release|Any CPU.Build.0 = Release|Any CPU
	EndGlobalSection
	GlobalSection(SolutionProperties) = preSolution
		HideSolutionNode = FALSE
	EndGlobalSection
	GlobalSection(ExtensibilityGlobals) = postSolution
		SolutionGuid = {113C7C5E-D52E-41B9-936E-C9158F96E77A}
	EndGlobalSection
EndGlobal
